
Microsoft Visual Studio Solution File, Format Version 12.00
# Visual Studio Version 17
VisualStudioVersion = 17.0.32112.339
MinimumVisualStudioVersion = 10.0.40219.1
Project("{8BC9CEB8-8B4A-11D0-8D11-00A0C91BC942}") = "修建灌木", "修建灌木\修建灌木.vcxproj", "{FC3B8A26-A28B-4BFD-AB0C-093E258C22B8}"
EndProject
Global
	GlobalSection(SolutionConfigurationPlatforms) = preSolution
		Debug|x64 = Debug|x64
		Debug|x86 = Debug|x86
		Release|x64 = Release|x64
		Release|x86 = Release|x86
	EndGlobalSection
	GlobalSection(ProjectConfigurationPlatforms) = postSolution
		{FC3B8A26-A28B-4BFD-AB0C-093E258C22B8}.Debug|x64.ActiveCfg = Debug|x64
		{FC3B8A26-A28B-4BFD-AB0C-093E258C22B8}.Debug|x64.Build.0 = Debug|x64
		{FC3B8A26-A28B-4BFD-AB0C-093E258C22B8}.Debug|x86.ActiveCfg = Debug|Win32
		{FC3B8A26-A28B-4BFD-AB0C-093E258C22B8}.Debug|x86.Build.0 = Debug|Win32
		{FC3B8A26-A28B-4BFD-AB0C-093E258C22B8}.Release|x64.ActiveCfg = Release|x64
		{FC3B8A26-A28B-4BFD-AB0C-093E258C22B8}.Release|x64.Build.0 = Release|x64
		{FC3B8A26-A28B-4BFD-AB0C-093E258C22B8}.Release|x86.ActiveCfg = Release|Win32
		{FC3B8A26-A28B-4BFD-AB0C-093E258C22B8}.Release|x86.Build.0 = Release|Win32
	EndGlobalSection
	GlobalSection(SolutionProperties) = preSolution
		HideSolutionNode = FALSE
	EndGlobalSection
	GlobalSection(ExtensibilityGlobals) = postSolution
		SolutionGuid = {B8BA6927-DF0B-4254-9508-8CCC0A1BC0DC}
	EndGlobalSection
EndGlobal
