
Microsoft Visual Studio Solution File, Format Version 12.00
# Visual Studio Version 17
VisualStudioVersion = 17.0.32112.339
MinimumVisualStudioVersion = 10.0.40219.1
Project("{8BC9CEB8-8B4A-11D0-8D11-00A0C91BC942}") = "单词识别", "单词识别\单词识别.vcxproj", "{BECDB871-72E4-4DF1-95EC-2345DE22691C}"
EndProject
Global
	GlobalSection(SolutionConfigurationPlatforms) = preSolution
		Debug|x64 = Debug|x64
		Debug|x86 = Debug|x86
		Release|x64 = Release|x64
		Release|x86 = Release|x86
	EndGlobalSection
	GlobalSection(ProjectConfigurationPlatforms) = postSolution
		{BECDB871-72E4-4DF1-95EC-2345DE22691C}.Debug|x64.ActiveCfg = Debug|x64
		{BECDB871-72E4-4DF1-95EC-2345DE22691C}.Debug|x64.Build.0 = Debug|x64
		{BECDB871-72E4-4DF1-95EC-2345DE22691C}.Debug|x86.ActiveCfg = Debug|Win32
		{BECDB871-72E4-4DF1-95EC-2345DE22691C}.Debug|x86.Build.0 = Debug|Win32
		{BECDB871-72E4-4DF1-95EC-2345DE22691C}.Release|x64.ActiveCfg = Release|x64
		{BECDB871-72E4-4DF1-95EC-2345DE22691C}.Release|x64.Build.0 = Release|x64
		{BECDB871-72E4-4DF1-95EC-2345DE22691C}.Release|x86.ActiveCfg = Release|Win32
		{BECDB871-72E4-4DF1-95EC-2345DE22691C}.Release|x86.Build.0 = Release|Win32
	EndGlobalSection
	GlobalSection(SolutionProperties) = preSolution
		HideSolutionNode = FALSE
	EndGlobalSection
	GlobalSection(ExtensibilityGlobals) = postSolution
		SolutionGuid = {A49FD2AA-5D50-4671-8E59-A7839655FCBE}
	EndGlobalSection
EndGlobal
